
Microsoft Visual Studio Solution File, Format Version 12.00
# Visual Studio Version 17
VisualStudioVersion = 17.0.32112.339
MinimumVisualStudioVersion = 10.0.40219.1
Project("{FAE04EC0-301F-11D3-BF4B-00C04F79EFBC}") = "Entity", "Entity\Entity.csproj", "{F9E6485A-8895-4B4F-ADEF-A1566FD05BDB}"
EndProject
Global
	GlobalSection(SolutionConfigurationPlatforms) = preSolution
		Debug|Any CPU = Debug|Any CPU
		Release|Any CPU = Release|Any CPU
	EndGlobalSection
	GlobalSection(ProjectConfigurationPlatforms) = postSolution
		{F9E6485A-8895-4B4F-ADEF-A1566FD05BDB}.Debug|Any CPU.ActiveCfg = Debug|Any CPU
		{F9E6485A-8895-4B4F-ADEF-A1566FD05BDB}.Debug|Any CPU.Build.0 = Debug|Any CPU
		{F9E6485A-8895-4B4F-ADEF-A1566FD05BDB}.Release|Any CPU.ActiveCfg = Release|Any CPU
		{F9E6485A-8895-4B4F-ADEF-A1566FD05BDB}.Release|Any CPU.Build.0 = Release|Any CPU
	EndGlobalSection
	GlobalSection(SolutionProperties) = preSolution
		HideSolutionNode = FALSE
	EndGlobalSection
	GlobalSection(ExtensibilityGlobals) = postSolution
		SolutionGuid = {C04FFA2C-775F-4AB1-AFE2-4D614297C01F}
	EndGlobalSection
EndGlobal
